
Microsoft Visual Studio Solution File, Format Version 12.00
# Visual Studio Version 16
VisualStudioVersion = 16.0.31005.135
MinimumVisualStudioVersion = 10.0.40219.1
Project("{FAE04EC0-301F-11D3-BF4B-00C04F79EFBC}") = "Producer", "Producer\Producer.csproj", "{8A433B0A-89E6-4984-B885-B6271B14E2B5}"
EndProject
Project("{FAE04EC0-301F-11D3-BF4B-00C04F79EFBC}") = "Consumer", "Consumer\Consumer.csproj", "{A1F80B5B-E620-44FC-BBED-9B1B6315CEB1}"
EndProject
Global
	GlobalSection(SolutionConfigurationPlatforms) = preSolution
		Debug|Any CPU = Debug|Any CPU
		Release|Any CPU = Release|Any CPU
	EndGlobalSection
	GlobalSection(ProjectConfigurationPlatforms) = postSolution
		{8A433B0A-89E6-4984-B885-B6271B14E2B5}.Debug|Any CPU.ActiveCfg = Debug|Any CPU
		{8A433B0A-89E6-4984-B885-B6271B14E2B5}.Debug|Any CPU.Build.0 = Debug|Any CPU
		{8A433B0A-89E6-4984-B885-B6271B14E2B5}.Release|Any CPU.ActiveCfg = Release|Any CPU
		{8A433B0A-89E6-4984-B885-B6271B14E2B5}.Release|Any CPU.Build.0 = Release|Any CPU
		{A1F80B5B-E620-44FC-BBED-9B1B6315CEB1}.Debug|Any CPU.ActiveCfg = Debug|Any CPU
		{A1F80B5B-E620-44FC-BBED-9B1B6315CEB1}.Debug|Any CPU.Build.0 = Debug|Any CPU
		{A1F80B5B-E620-44FC-BBED-9B1B6315CEB1}.Release|Any CPU.ActiveCfg = Release|Any CPU
		{A1F80B5B-E620-44FC-BBED-9B1B6315CEB1}.Release|Any CPU.Build.0 = Release|Any CPU
	EndGlobalSection
	GlobalSection(SolutionProperties) = preSolution
		HideSolutionNode = FALSE
	EndGlobalSection
	GlobalSection(ExtensibilityGlobals) = postSolution
		SolutionGuid = {DB871A29-AF2F-40AC-A6A9-7E5D1CDC792E}
	EndGlobalSection
EndGlobal
